// !$*UTF8*$!
{
	archiveVersion = 1;
	classes = {
	};
	objectVersion = 46;
	objects = {

/* Begin PBXBuildFile section */
		4B40E69F1DA3430400FA52B9 /* main.m in Sources */ = {isa = PBXBuildFile; fileRef = 4B40E69E1DA3430400FA52B9 /* main.m */; };
		4B40E6A21DA3430400FA52B9 /* AppDelegate.m in Sources */ = {isa = PBXBuildFile; fileRef = 4B40E6A11DA3430400FA52B9 /* AppDelegate.m */; };
		4B40E6AA1DA3430400FA52B9 /* Assets.xcassets in Resources */ = {isa = PBXBuildFile; fileRef = 4B40E6A91DA3430400FA52B9 /* Assets.xcassets */; };
		4B789ACF1DAB3EC500E7E7DF /* DetailViewController.m in Sources */ = {isa = PBXBuildFile; fileRef = 4B789ACC1DAB3EC500E7E7DF /* DetailViewController.m */; };
		4B789AD01DAB3EC500E7E7DF /* ViewController.m in Sources */ = {isa = PBXBuildFile; fileRef = 4B789ACE1DAB3EC500E7E7DF /* ViewController.m */; };
		4B789AD71DAB3ED900E7E7DF /* Genre.m in Sources */ = {isa = PBXBuildFile; fileRef = 4B789AD21DAB3ED900E7E7DF /* Genre.m */; };
		4B789AD81DAB3ED900E7E7DF /* Movie.m in Sources */ = {isa = PBXBuildFile; fileRef = 4B789AD41DAB3ED900E7E7DF /* Movie.m */; };
		4B789AD91DAB3ED900E7E7DF /* Movie+Representation.m in Sources */ = {isa = PBXBuildFile; fileRef = 4B789AD61DAB3ED900E7E7DF /* Movie+Representation.m */; };
		4B789ADE1DAB3EEB00E7E7DF /* LaunchScreen.storyboard in Resources */ = {isa = PBXBuildFile; fileRef = 4B789ADA1DAB3EEB00E7E7DF /* LaunchScreen.storyboard */; };
		4B789ADF1DAB3EEB00E7E7DF /* Main.storyboard in Resources */ = {isa = PBXBuildFile; fileRef = 4B789ADC1DAB3EEB00E7E7DF /* Main.storyboard */; };
		4B789AE31DAB3F0100E7E7DF /* MovieTableViewCell.m in Sources */ = {isa = PBXBuildFile; fileRef = 4B789AE11DAB3EF500E7E7DF /* MovieTableViewCell.m */; };
		4B789AE61DAB3F1000E7E7DF /* MoviesAPI.m in Sources */ = {isa = PBXBuildFile; fileRef = 4B789AE51DAB3F1000E7E7DF /* MoviesAPI.m */; };
		4B789AE91DAB575B00E7E7DF /* PersistencyManager.m in Sources */ = {isa = PBXBuildFile; fileRef = 4B789AE81DAB575B00E7E7DF /* PersistencyManager.m */; };
		4B789AF11DAB7BE300E7E7DF /* UpcomingMoviesTests.m in Sources */ = {isa = PBXBuildFile; fileRef = 4B789AF01DAB7BE300E7E7DF /* UpcomingMoviesTests.m */; };
		6A83073DC507EA5183884F2A /* libPods-UpcomingMovies.a in Frameworks */ = {isa = PBXBuildFile; fileRef = 174628F46DBEC3C7AEF8C65A /* libPods-UpcomingMovies.a */; };
/* End PBXBuildFile section */

/* Begin PBXContainerItemProxy section */
		4B789AF31DAB7BE300E7E7DF /* PBXContainerItemProxy */ = {
			isa = PBXContainerItemProxy;
			containerPortal = 4B40E6921DA3430300FA52B9 /* Project object */;
			proxyType = 1;
			remoteGlobalIDString = 4B40E6991DA3430300FA52B9;
			remoteInfo = UpcomingMovies;
		};
/* End PBXContainerItemProxy section */

/* Begin PBXFileReference section */
		174628F46DBEC3C7AEF8C65A /* libPods-UpcomingMovies.a */ = {isa = PBXFileReference; explicitFileType = archive.ar; includeInIndex = 0; path = "libPods-UpcomingMovies.a"; sourceTree = BUILT_PRODUCTS_DIR; };
		4B40E69A1DA3430400FA52B9 /* UpcomingMovies.app */ = {isa = PBXFileReference; explicitFileType = wrapper.application; includeInIndex = 0; path = UpcomingMovies.app; sourceTree = BUILT_PRODUCTS_DIR; };
		4B40E69E1DA3430400FA52B9 /* main.m */ = {isa = PBXFileReference; lastKnownFileType = sourcecode.c.objc; path = main.m; sourceTree = "<group>"; };
		4B40E6A01DA3430400FA52B9 /* AppDelegate.h */ = {isa = PBXFileReference; lastKnownFileType = sourcecode.c.h; path = AppDelegate.h; sourceTree = "<group>"; };
		4B40E6A11DA3430400FA52B9 /* AppDelegate.m */ = {isa = PBXFileReference; lastKnownFileType = sourcecode.c.objc; path = AppDelegate.m; sourceTree = "<group>"; };
		4B40E6A91DA3430400FA52B9 /* Assets.xcassets */ = {isa = PBXFileReference; lastKnownFileType = folder.assetcatalog; path = Assets.xcassets; sourceTree = "<group>"; };
		4B40E6AE1DA3430400FA52B9 /* Info.plist */ = {isa = PBXFileReference; lastKnownFileType = text.plist.xml; path = Info.plist; sourceTree = "<group>"; };
		4B789AC71DAAEA7D00E7E7DF /* Config.h */ = {isa = PBXFileReference; lastKnownFileType = sourcecode.c.h; path = Config.h; sourceTree = "<group>"; };
		4B789ACB1DAB3EC500E7E7DF /* DetailViewController.h */ = {isa = PBXFileReference; fileEncoding = 4; lastKnownFileType = sourcecode.c.h; name = DetailViewController.h; path = Controllers/DetailViewController.h; sourceTree = "<group>"; };
		4B789ACC1DAB3EC500E7E7DF /* DetailViewController.m */ = {isa = PBXFileReference; fileEncoding = 4; lastKnownFileType = sourcecode.c.objc; name = DetailViewController.m; path = Controllers/DetailViewController.m; sourceTree = "<group>"; };
		4B789ACD1DAB3EC500E7E7DF /* ViewController.h */ = {isa = PBXFileReference; fileEncoding = 4; lastKnownFileType = sourcecode.c.h; name = ViewController.h; path = Controllers/ViewController.h; sourceTree = "<group>"; };
		4B789ACE1DAB3EC500E7E7DF /* ViewController.m */ = {isa = PBXFileReference; fileEncoding = 4; lastKnownFileType = sourcecode.c.objc; name = ViewController.m; path = Controllers/ViewController.m; sourceTree = "<group>"; };
		4B789AD11DAB3ED900E7E7DF /* Genre.h */ = {isa = PBXFileReference; fileEncoding = 4; lastKnownFileType = sourcecode.c.h; name = Genre.h; path = Model/Genre.h; sourceTree = "<group>"; };
		4B789AD21DAB3ED900E7E7DF /* Genre.m */ = {isa = PBXFileReference; fileEncoding = 4; lastKnownFileType = sourcecode.c.objc; name = Genre.m; path = Model/Genre.m; sourceTree = "<group>"; };
		4B789AD31DAB3ED900E7E7DF /* Movie.h */ = {isa = PBXFileReference; fileEncoding = 4; lastKnownFileType = sourcecode.c.h; name = Movie.h; path = Model/Movie.h; sourceTree = "<group>"; };
		4B789AD41DAB3ED900E7E7DF /* Movie.m */ = {isa = PBXFileReference; fileEncoding = 4; lastKnownFileType = sourcecode.c.objc; name = Movie.m; path = Model/Movie.m; sourceTree = "<group>"; };
		4B789AD51DAB3ED900E7E7DF /* Movie+Representation.h */ = {isa = PBXFileReference; fileEncoding = 4; lastKnownFileType = sourcecode.c.h; name = "Movie+Representation.h"; path = "Model/Movie+Representation.h"; sourceTree = "<group>"; };
		4B789AD61DAB3ED900E7E7DF /* Movie+Representation.m */ = {isa = PBXFileReference; fileEncoding = 4; lastKnownFileType = sourcecode.c.objc; name = "Movie+Representation.m"; path = "Model/Movie+Representation.m"; sourceTree = "<group>"; };
		4B789ADB1DAB3EEB00E7E7DF /* Base */ = {isa = PBXFileReference; lastKnownFileType = file.storyboard; name = Base; path = UI/Base.lproj/LaunchScreen.storyboard; sourceTree = "<group>"; };
		4B789ADD1DAB3EEB00E7E7DF /* Base */ = {isa = PBXFileReference; lastKnownFileType = file.storyboard; name = Base; path = UI/Base.lproj/Main.storyboard; sourceTree = "<group>"; };
		4B789AE01DAB3EF500E7E7DF /* MovieTableViewCell.h */ = {isa = PBXFileReference; fileEncoding = 4; lastKnownFileType = sourcecode.c.h; name = MovieTableViewCell.h; path = UI/MovieTableViewCell.h; sourceTree = "<group>"; };
		4B789AE11DAB3EF500E7E7DF /* MovieTableViewCell.m */ = {isa = PBXFileReference; fileEncoding = 4; lastKnownFileType = sourcecode.c.objc; name = MovieTableViewCell.m; path = UI/MovieTableViewCell.m; sourceTree = "<group>"; };
		4B789AE41DAB3F1000E7E7DF /* MoviesAPI.h */ = {isa = PBXFileReference; fileEncoding = 4; lastKnownFileType = sourcecode.c.h; name = MoviesAPI.h; path = API/MoviesAPI.h; sourceTree = "<group>"; };
		4B789AE51DAB3F1000E7E7DF /* MoviesAPI.m */ = {isa = PBXFileReference; fileEncoding = 4; lastKnownFileType = sourcecode.c.objc; name = MoviesAPI.m; path = API/MoviesAPI.m; sourceTree = "<group>"; };
		4B789AE71DAB575B00E7E7DF /* PersistencyManager.h */ = {isa = PBXFileReference; fileEncoding = 4; lastKnownFileType = sourcecode.c.h; name = PersistencyManager.h; path = API/PersistencyManager.h; sourceTree = "<group>"; };
		4B789AE81DAB575B00E7E7DF /* PersistencyManager.m */ = {isa = PBXFileReference; fileEncoding = 4; lastKnownFileType = sourcecode.c.objc; name = PersistencyManager.m; path = API/PersistencyManager.m; sourceTree = "<group>"; };
		4B789AEE1DAB7BE300E7E7DF /* UpcomingMoviesTests.xctest */ = {isa = PBXFileReference; explicitFileType = wrapper.cfbundle; includeInIndex = 0; path = UpcomingMoviesTests.xctest; sourceTree = BUILT_PRODUCTS_DIR; };
		4B789AF01DAB7BE300E7E7DF /* UpcomingMoviesTests.m */ = {isa = PBXFileReference; lastKnownFileType = sourcecode.c.objc; path = UpcomingMoviesTests.m; sourceTree = "<group>"; };
		4B789AF21DAB7BE300E7E7DF /* Info.plist */ = {isa = PBXFileReference; lastKnownFileType = text.plist.xml; path = Info.plist; sourceTree = "<group>"; };
		C64CD2D861FF1FE657DA137C /* Pods-UpcomingMovies.release.xcconfig */ = {isa = PBXFileReference; includeInIndex = 1; lastKnownFileType = text.xcconfig; name = "Pods-UpcomingMovies.release.xcconfig"; path = "Pods/Target Support Files/Pods-UpcomingMovies/Pods-UpcomingMovies.release.xcconfig"; sourceTree = "<group>"; };
		EE6CC797ACCCDFB3B915D0C1 /* Pods-UpcomingMovies.debug.xcconfig */ = {isa = PBXFileReference; includeInIndex = 1; lastKnownFileType = text.xcconfig; name = "Pods-UpcomingMovies.debug.xcconfig"; path = "Pods/Target Support Files/Pods-UpcomingMovies/Pods-UpcomingMovies.debug.xcconfig"; sourceTree = "<group>"; };
/* End PBXFileReference section */

/* Begin PBXFrameworksBuildPhase section */
		4B40E6971DA3430300FA52B9 /* Frameworks */ = {
			isa = PBXFrameworksBuildPhase;
			buildActionMask = 2147483647;
			files = (
				6A83073DC507EA5183884F2A /* libPods-UpcomingMovies.a in Frameworks */,
			);
			runOnlyForDeploymentPostprocessing = 0;
		};
		4B789AEB1DAB7BE300E7E7DF /* Frameworks */ = {
			isa = PBXFrameworksBuildPhase;
			buildActionMask = 2147483647;
			files = (
			);
			runOnlyForDeploymentPostprocessing = 0;
		};
/* End PBXFrameworksBuildPhase section */

/* Begin PBXGroup section */
		4B40E6911DA3430300FA52B9 = {
			isa = PBXGroup;
			children = (
				4B40E69C1DA3430400FA52B9 /* UpcomingMovies */,
				4B789AEF1DAB7BE300E7E7DF /* UpcomingMoviesTests */,
				4B40E69B1DA3430400FA52B9 /* Products */,
				FCA220323646DC912ADC50F5 /* Pods */,
				BA2151F261D16F5C0B408125 /* Frameworks */,
			);
			sourceTree = "<group>";
		};
		4B40E69B1DA3430400FA52B9 /* Products */ = {
			isa = PBXGroup;
			children = (
				4B40E69A1DA3430400FA52B9 /* UpcomingMovies.app */,
				4B789AEE1DAB7BE300E7E7DF /* UpcomingMoviesTests.xctest */,
			);
			name = Products;
			sourceTree = "<group>";
		};
		4B40E69C1DA3430400FA52B9 /* UpcomingMovies */ = {
			isa = PBXGroup;
			children = (
				4B8038071DA56D5E00B3B019 /* API */,
				4B8038061DA56D5000B3B019 /* AppDelegate */,
				4B789ACA1DAAF16D00E7E7DF /* Controllers */,
				4B8038051DA56D2D00B3B019 /* Model */,
				4B8038081DA56D7C00B3B019 /* UI */,
				4B40E6A91DA3430400FA52B9 /* Assets.xcassets */,
				4B40E6AE1DA3430400FA52B9 /* Info.plist */,
				4B40E69D1DA3430400FA52B9 /* Supporting Files */,
			);
			path = UpcomingMovies;
			sourceTree = "<group>";
		};
		4B40E69D1DA3430400FA52B9 /* Supporting Files */ = {
			isa = PBXGroup;
			children = (
				4B40E69E1DA3430400FA52B9 /* main.m */,
			);
			name = "Supporting Files";
			sourceTree = "<group>";
		};
		4B789ACA1DAAF16D00E7E7DF /* Controllers */ = {
			isa = PBXGroup;
			children = (
				4B789ACD1DAB3EC500E7E7DF /* ViewController.h */,
				4B789ACE1DAB3EC500E7E7DF /* ViewController.m */,
				4B789ACB1DAB3EC500E7E7DF /* DetailViewController.h */,
				4B789ACC1DAB3EC500E7E7DF /* DetailViewController.m */,
			);
			name = Controllers;
			sourceTree = "<group>";
		};
		4B789AEF1DAB7BE300E7E7DF /* UpcomingMoviesTests */ = {
			isa = PBXGroup;
			children = (
				4B789AF01DAB7BE300E7E7DF /* UpcomingMoviesTests.m */,
				4B789AF21DAB7BE300E7E7DF /* Info.plist */,
			);
			path = UpcomingMoviesTests;
			sourceTree = "<group>";
		};
		4B8038051DA56D2D00B3B019 /* Model */ = {
			isa = PBXGroup;
			children = (
				4B789AD11DAB3ED900E7E7DF /* Genre.h */,
				4B789AD21DAB3ED900E7E7DF /* Genre.m */,
				4B789AD31DAB3ED900E7E7DF /* Movie.h */,
				4B789AD41DAB3ED900E7E7DF /* Movie.m */,
				4B789AD51DAB3ED900E7E7DF /* Movie+Representation.h */,
				4B789AD61DAB3ED900E7E7DF /* Movie+Representation.m */,
			);
			name = Model;
			sourceTree = "<group>";
		};
		4B8038061DA56D5000B3B019 /* AppDelegate */ = {
			isa = PBXGroup;
			children = (
				4B40E6A01DA3430400FA52B9 /* AppDelegate.h */,
				4B40E6A11DA3430400FA52B9 /* AppDelegate.m */,
			);
			name = AppDelegate;
			sourceTree = "<group>";
		};
		4B8038071DA56D5E00B3B019 /* API */ = {
			isa = PBXGroup;
			children = (
				4B789AC71DAAEA7D00E7E7DF /* Config.h */,
				4B789AE41DAB3F1000E7E7DF /* MoviesAPI.h */,
				4B789AE51DAB3F1000E7E7DF /* MoviesAPI.m */,
				4B789AE71DAB575B00E7E7DF /* PersistencyManager.h */,
				4B789AE81DAB575B00E7E7DF /* PersistencyManager.m */,
			);
			name = API;
			sourceTree = "<group>";
		};
		4B8038081DA56D7C00B3B019 /* UI */ = {
			isa = PBXGroup;
			children = (
				4B789ADA1DAB3EEB00E7E7DF /* LaunchScreen.storyboard */,
				4B789ADC1DAB3EEB00E7E7DF /* Main.storyboard */,
				4B8038091DA56D9400B3B019 /* CustomCells */,
			);
			name = UI;
			sourceTree = "<group>";
		};
		4B8038091DA56D9400B3B019 /* CustomCells */ = {
			isa = PBXGroup;
			children = (
				4B789AE01DAB3EF500E7E7DF /* MovieTableViewCell.h */,
				4B789AE11DAB3EF500E7E7DF /* MovieTableViewCell.m */,
			);
			name = CustomCells;
			sourceTree = "<group>";
		};
		BA2151F261D16F5C0B408125 /* Frameworks */ = {
			isa = PBXGroup;
			children = (
				174628F46DBEC3C7AEF8C65A /* libPods-UpcomingMovies.a */,
			);
			name = Frameworks;
			sourceTree = "<group>";
		};
		FCA220323646DC912ADC50F5 /* Pods */ = {
			isa = PBXGroup;
			children = (
				EE6CC797ACCCDFB3B915D0C1 /* Pods-UpcomingMovies.debug.xcconfig */,
				C64CD2D861FF1FE657DA137C /* Pods-UpcomingMovies.release.xcconfig */,
			);
			name = Pods;
			sourceTree = "<group>";
		};
/* End PBXGroup section */

/* Begin PBXNativeTarget section */
		4B40E6991DA3430300FA52B9 /* UpcomingMovies */ = {
			isa = PBXNativeTarget;
			buildConfigurationList = 4B40E6B11DA3430500FA52B9 /* Build configuration list for PBXNativeTarget "UpcomingMovies" */;
			buildPhases = (
				243B39906195FA27346B1951 /* [CP] Check Pods Manifest.lock */,
				4B40E6961DA3430300FA52B9 /* Sources */,
				4B40E6971DA3430300FA52B9 /* Frameworks */,
				4B40E6981DA3430300FA52B9 /* Resources */,
				0FB177264EA92EF3CA75ACF6 /* [CP] Embed Pods Frameworks */,
				017BFA2A03BF91B8FD9D6486 /* [CP] Copy Pods Resources */,
			);
			buildRules = (
			);
			dependencies = (
			);
			name = UpcomingMovies;
			productName = UpcomingMovies;
			productReference = 4B40E69A1DA3430400FA52B9 /* UpcomingMovies.app */;
			productType = "com.apple.product-type.application";
		};
		4B789AED1DAB7BE300E7E7DF /* UpcomingMoviesTests */ = {
			isa = PBXNativeTarget;
			buildConfigurationList = 4B789AF71DAB7BE400E7E7DF /* Build configuration list for PBXNativeTarget "UpcomingMoviesTests" */;
			buildPhases = (
				4B789AEA1DAB7BE300E7E7DF /* Sources */,
				4B789AEB1DAB7BE300E7E7DF /* Frameworks */,
				4B789AEC1DAB7BE300E7E7DF /* Resources */,
			);
			buildRules = (
			);
			dependencies = (
				4B789AF41DAB7BE300E7E7DF /* PBXTargetDependency */,
			);
			name = UpcomingMoviesTests;
			productName = UpcomingMoviesTests;
			productReference = 4B789AEE1DAB7BE300E7E7DF /* UpcomingMoviesTests.xctest */;
			productType = "com.apple.product-type.bundle.unit-test";
		};
/* End PBXNativeTarget section */

/* Begin PBXProject section */
		4B40E6921DA3430300FA52B9 /* Project object */ = {
			isa = PBXProject;
			attributes = {
				LastUpgradeCheck = 0800;
				ORGANIZATIONNAME = "Luis Ojeda";
				TargetAttributes = {
					4B40E6991DA3430300FA52B9 = {
						CreatedOnToolsVersion = 8.0;
						DevelopmentTeam = EFU66L2295;
						ProvisioningStyle = Automatic;
					};
					4B789AED1DAB7BE300E7E7DF = {
						CreatedOnToolsVersion = 8.0;
						ProvisioningStyle = Automatic;
						TestTargetID = 4B40E6991DA3430300FA52B9;
					};
				};
			};
			buildConfigurationList = 4B40E6951DA3430300FA52B9 /* Build configuration list for PBXProject "UpcomingMovies" */;
			compatibilityVersion = "Xcode 3.2";
			developmentRegion = English;
			hasScannedForEncodings = 0;
			knownRegions = (
				en,
				Base,
			);
			mainGroup = 4B40E6911DA3430300FA52B9;
			productRefGroup = 4B40E69B1DA3430400FA52B9 /* Products */;
			projectDirPath = "";
			projectRoot = "";
			targets = (
				4B40E6991DA3430300FA52B9 /* UpcomingMovies */,
				4B789AED1DAB7BE300E7E7DF /* UpcomingMoviesTests */,
			);
		};
/* End PBXProject section */

/* Begin PBXResourcesBuildPhase section */
		4B40E6981DA3430300FA52B9 /* Resources */ = {
			isa = PBXResourcesBuildPhase;
			buildActionMask = 2147483647;
			files = (
				4B789ADF1DAB3EEB00E7E7DF /* Main.storyboard in Resources */,
				4B40E6AA1DA3430400FA52B9 /* Assets.xcassets in Resources */,
				4B789ADE1DAB3EEB00E7E7DF /* LaunchScreen.storyboard in Resources */,
			);
			runOnlyForDeploymentPostprocessing = 0;
		};
		4B789AEC1DAB7BE300E7E7DF /* Resources */ = {
			isa = PBXResourcesBuildPhase;
			buildActionMask = 2147483647;
			files = (
			);
			runOnlyForDeploymentPostprocessing = 0;
		};
/* End PBXResourcesBuildPhase section */

/* Begin PBXShellScriptBuildPhase section */
		017BFA2A03BF91B8FD9D6486 /* [CP] Copy Pods Resources */ = {
			isa = PBXShellScriptBuildPhase;
			buildActionMask = 2147483647;
			files = (
			);
			inputPaths = (
			);
			name = "[CP] Copy Pods Resources";
			outputPaths = (
			);
			runOnlyForDeploymentPostprocessing = 0;
			shellPath = /bin/sh;
			shellScript = "\"${SRCROOT}/Pods/Target Support Files/Pods-UpcomingMovies/Pods-UpcomingMovies-resources.sh\"\n";
			showEnvVarsInLog = 0;
		};
		0FB177264EA92EF3CA75ACF6 /* [CP] Embed Pods Frameworks */ = {
			isa = PBXShellScriptBuildPhase;
			buildActionMask = 2147483647;
			files = (
			);
			inputPaths = (
			);
			name = "[CP] Embed Pods Frameworks";
			outputPaths = (
			);
			runOnlyForDeploymentPostprocessing = 0;
			shellPath = /bin/sh;
			shellScript = "\"${SRCROOT}/Pods/Target Support Files/Pods-UpcomingMovies/Pods-UpcomingMovies-frameworks.sh\"\n";
			showEnvVarsInLog = 0;
		};
		243B39906195FA27346B1951 /* [CP] Check Pods Manifest.lock */ = {
			isa = PBXShellScriptBuildPhase;
			buildActionMask = 2147483647;
			files = (
			);
			inputPaths = (
			);
			name = "[CP] Check Pods Manifest.lock";
			outputPaths = (
			);
			runOnlyForDeploymentPostprocessing = 0;
			shellPath = /bin/sh;
			shellScript = "diff \"${PODS_ROOT}/../Podfile.lock\" \"${PODS_ROOT}/Manifest.lock\" > /dev/null\nif [[ $? != 0 ]] ; then\n    cat << EOM\nerror: The sandbox is not in sync with the Podfile.lock. Run 'pod install' or update your CocoaPods installation.\nEOM\n    exit 1\nfi\n";
			showEnvVarsInLog = 0;
		};
/* End PBXShellScriptBuildPhase section */

/* Begin PBXSourcesBuildPhase section */
		4B40E6961DA3430300FA52B9 /* Sources */ = {
			isa = PBXSourcesBuildPhase;
			buildActionMask = 2147483647;
			files = (
				4B789AD01DAB3EC500E7E7DF /* ViewController.m in Sources */,
				4B789AD71DAB3ED900E7E7DF /* Genre.m in Sources */,
				4B789AE61DAB3F1000E7E7DF /* MoviesAPI.m in Sources */,
				4B789AD81DAB3ED900E7E7DF /* Movie.m in Sources */,
				4B789AE31DAB3F0100E7E7DF /* MovieTableViewCell.m in Sources */,
				4B40E6A21DA3430400FA52B9 /* AppDelegate.m in Sources */,
				4B789AD91DAB3ED900E7E7DF /* Movie+Representation.m in Sources */,
				4B789ACF1DAB3EC500E7E7DF /* DetailViewController.m in Sources */,
				4B40E69F1DA3430400FA52B9 /* main.m in Sources */,
				4B789AE91DAB575B00E7E7DF /* PersistencyManager.m in Sources */,
			);
			runOnlyForDeploymentPostprocessing = 0;
		};
		4B789AEA1DAB7BE300E7E7DF /* Sources */ = {
			isa = PBXSourcesBuildPhase;
			buildActionMask = 2147483647;
			files = (
				4B789AF11DAB7BE300E7E7DF /* UpcomingMoviesTests.m in Sources */,
			);
			runOnlyForDeploymentPostprocessing = 0;
		};
/* End PBXSourcesBuildPhase section */

/* Begin PBXTargetDependency section */
		4B789AF41DAB7BE300E7E7DF /* PBXTargetDependency */ = {
			isa = PBXTargetDependency;
			target = 4B40E6991DA3430300FA52B9 /* UpcomingMovies */;
			targetProxy = 4B789AF31DAB7BE300E7E7DF /* PBXContainerItemProxy */;
		};
/* End PBXTargetDependency section */

/* Begin PBXVariantGroup section */
		4B789ADA1DAB3EEB00E7E7DF /* LaunchScreen.storyboard */ = {
			isa = PBXVariantGroup;
			children = (
				4B789ADB1DAB3EEB00E7E7DF /* Base */,
			);
			name = LaunchScreen.storyboard;
			sourceTree = "<group>";
		};
		4B789ADC1DAB3EEB00E7E7DF /* Main.storyboard */ = {
			isa = PBXVariantGroup;
			children = (
				4B789ADD1DAB3EEB00E7E7DF /* Base */,
			);
			name = Main.storyboard;
			sourceTree = "<group>";
		};
/* End PBXVariantGroup section */

/* Begin XCBuildConfiguration section */
		4B40E6AF1DA3430400FA52B9 /* Debug */ = {
			isa = XCBuildConfiguration;
			buildSettings = {
				ALWAYS_SEARCH_USER_PATHS = NO;
				CLANG_ANALYZER_NONNULL = YES;
				CLANG_CXX_LANGUAGE_STANDARD = "gnu++0x";
				CLANG_CXX_LIBRARY = "libc++";
				CLANG_ENABLE_MODULES = YES;
				CLANG_ENABLE_OBJC_ARC = YES;
				CLANG_WARN_BOOL_CONVERSION = YES;
				CLANG_WARN_CONSTANT_CONVERSION = YES;
				CLANG_WARN_DIRECT_OBJC_ISA_USAGE = YES_ERROR;
				CLANG_WARN_DOCUMENTATION_COMMENTS = YES;
				CLANG_WARN_EMPTY_BODY = YES;
				CLANG_WARN_ENUM_CONVERSION = YES;
				CLANG_WARN_INFINITE_RECURSION = YES;
				CLANG_WARN_INT_CONVERSION = YES;
				CLANG_WARN_OBJC_ROOT_CLASS = YES_ERROR;
				CLANG_WARN_SUSPICIOUS_MOVE = YES;
				CLANG_WARN_SUSPICIOUS_MOVES = YES;
				CLANG_WARN_UNREACHABLE_CODE = YES;
				CLANG_WARN__DUPLICATE_METHOD_MATCH = YES;
				"CODE_SIGN_IDENTITY[sdk=iphoneos*]" = "iPhone Developer";
				COPY_PHASE_STRIP = NO;
				DEBUG_INFORMATION_FORMAT = dwarf;
				ENABLE_STRICT_OBJC_MSGSEND = YES;
				ENABLE_TESTABILITY = YES;
				GCC_C_LANGUAGE_STANDARD = gnu99;
				GCC_DYNAMIC_NO_PIC = NO;
				GCC_NO_COMMON_BLOCKS = YES;
				GCC_OPTIMIZATION_LEVEL = 0;
				GCC_PREPROCESSOR_DEFINITIONS = (
					"DEBUG=1",
					"$(inherited)",
				);
				GCC_WARN_64_TO_32_BIT_CONVERSION = YES;
				GCC_WARN_ABOUT_RETURN_TYPE = YES_ERROR;
				GCC_WARN_UNDECLARED_SELECTOR = YES;
				GCC_WARN_UNINITIALIZED_AUTOS = YES_AGGRESSIVE;
				GCC_WARN_UNUSED_FUNCTION = YES;
				GCC_WARN_UNUSED_VARIABLE = YES;
				IPHONEOS_DEPLOYMENT_TARGET = 10.0;
				MTL_ENABLE_DEBUG_INFO = YES;
				ONLY_ACTIVE_ARCH = YES;
				SDKROOT = iphoneos;
			};
			name = Debug;
		};
		4B40E6B01DA3430400FA52B9 /* Release */ = {
			isa = XCBuildConfiguration;
			buildSettings = {
				ALWAYS_SEARCH_USER_PATHS = NO;
				CLANG_ANALYZER_NONNULL = YES;
				CLANG_CXX_LANGUAGE_STANDARD = "gnu++0x";
				CLANG_CXX_LIBRARY = "libc++";
				CLANG_ENABLE_MODULES = YES;
				CLANG_ENABLE_OBJC_ARC = YES;
				CLANG_WARN_BOOL_CONVERSION = YES;
				CLANG_WARN_CONSTANT_CONVERSION = YES;
				CLANG_WARN_DIRECT_OBJC_ISA_USAGE = YES_ERROR;
				CLANG_WARN_DOCUMENTATION_COMMENTS = YES;
				CLANG_WARN_EMPTY_BODY = YES;
				CLANG_WARN_ENUM_CONVERSION = YES;
				CLANG_WARN_INFINITE_RECURSION = YES;
				CLANG_WARN_INT_CONVERSION = YES;
				CLANG_WARN_OBJC_ROOT_CLASS = YES_ERROR;
				CLANG_WARN_SUSPICIOUS_MOVE = YES;
				CLANG_WARN_SUSPICIOUS_MOVES = YES;
				CLANG_WARN_UNREACHABLE_CODE = YES;
				CLANG_WARN__DUPLICATE_METHOD_MATCH = YES;
				"CODE_SIGN_IDENTITY[sdk=iphoneos*]" = "iPhone Developer";
				COPY_PHASE_STRIP = NO;
				DEBUG_INFORMATION_FORMAT = "dwarf-with-dsym";
				ENABLE_NS_ASSERTIONS = NO;
				ENABLE_STRICT_OBJC_MSGSEND = YES;
				GCC_C_LANGUAGE_STANDARD = gnu99;
				GCC_NO_COMMON_BLOCKS = YES;
				GCC_WARN_64_TO_32_BIT_CONVERSION = YES;
				GCC_WARN_ABOUT_RETURN_TYPE = YES_ERROR;
				GCC_WARN_UNDECLARED_SELECTOR = YES;
				GCC_WARN_UNINITIALIZED_AUTOS = YES_AGGRESSIVE;
				GCC_WARN_UNUSED_FUNCTION = YES;
				GCC_WARN_UNUSED_VARIABLE = YES;
				IPHONEOS_DEPLOYMENT_TARGET = 10.0;
				MTL_ENABLE_DEBUG_INFO = NO;
				SDKROOT = iphoneos;
				VALIDATE_PRODUCT = YES;
			};
			name = Release;
		};
		4B40E6B21DA3430500FA52B9 /* Debug */ = {
			isa = XCBuildConfiguration;
			baseConfigurationReference = EE6CC797ACCCDFB3B915D0C1 /* Pods-UpcomingMovies.debug.xcconfig */;
			buildSettings = {
				ASSETCATALOG_COMPILER_APPICON_NAME = AppIcon;
				DEFINES_MODULE = YES;
				DEVELOPMENT_TEAM = EFU66L2295;
				INFOPLIST_FILE = UpcomingMovies/Info.plist;
				LD_RUNPATH_SEARCH_PATHS = "$(inherited) @executable_path/Frameworks";
				PRODUCT_BUNDLE_IDENTIFIER = com.luisojeda.UpcomingMovies;
				PRODUCT_NAME = "$(TARGET_NAME)";
			};
			name = Debug;
		};
		4B40E6B31DA3430500FA52B9 /* Release */ = {
			isa = XCBuildConfiguration;
			baseConfigurationReference = C64CD2D861FF1FE657DA137C /* Pods-UpcomingMovies.release.xcconfig */;
			buildSettings = {
				ASSETCATALOG_COMPILER_APPICON_NAME = AppIcon;
				DEFINES_MODULE = YES;
				DEVELOPMENT_TEAM = EFU66L2295;
				INFOPLIST_FILE = UpcomingMovies/Info.plist;
				LD_RUNPATH_SEARCH_PATHS = "$(inherited) @executable_path/Frameworks";
				PRODUCT_BUNDLE_IDENTIFIER = com.luisojeda.UpcomingMovies;
				PRODUCT_NAME = "$(TARGET_NAME)";
			};
			name = Release;
		};
		4B789AF51DAB7BE400E7E7DF /* Debug */ = {
			isa = XCBuildConfiguration;
			buildSettings = {
				BUNDLE_LOADER = "$(TEST_HOST)";
				INFOPLIST_FILE = UpcomingMoviesTests/Info.plist;
				LD_RUNPATH_SEARCH_PATHS = "$(inherited) @executable_path/Frameworks @loader_path/Frameworks";
				PRODUCT_BUNDLE_IDENTIFIER = com.luisojeda.UpcomingMoviesTests;
				PRODUCT_NAME = "$(TARGET_NAME)";
				TEST_HOST = "$(BUILT_PRODUCTS_DIR)/UpcomingMovies.app/UpcomingMovies";
			};
			name = Debug;
		};
		4B789AF61DAB7BE400E7E7DF /* Release */ = {
			isa = XCBuildConfiguration;
			buildSettings = {
				BUNDLE_LOADER = "$(TEST_HOST)";
				INFOPLIST_FILE = UpcomingMoviesTests/Info.plist;
				LD_RUNPATH_SEARCH_PATHS = "$(inherited) @executable_path/Frameworks @loader_path/Frameworks";
				PRODUCT_BUNDLE_IDENTIFIER = com.luisojeda.UpcomingMoviesTests;
				PRODUCT_NAME = "$(TARGET_NAME)";
				TEST_HOST = "$(BUILT_PRODUCTS_DIR)/UpcomingMovies.app/UpcomingMovies";
			};
			name = Release;
		};
/* End XCBuildConfiguration section */

/* Begin XCConfigurationList section */
		4B40E6951DA3430300FA52B9 /* Build configuration list for PBXProject "UpcomingMovies" */ = {
			isa = XCConfigurationList;
			buildConfigurations = (
				4B40E6AF1DA3430400FA52B9 /* Debug */,
				4B40E6B01DA3430400FA52B9 /* Release */,
			);
			defaultConfigurationIsVisible = 0;
			defaultConfigurationName = Release;
		};
		4B40E6B11DA3430500FA52B9 /* Build configuration list for PBXNativeTarget "UpcomingMovies" */ = {
			isa = XCConfigurationList;
			buildConfigurations = (
				4B40E6B21DA3430500FA52B9 /* Debug */,
				4B40E6B31DA3430500FA52B9 /* Release */,
			);
			defaultConfigurationIsVisible = 0;
			defaultConfigurationName = Release;
		};
		4B789AF71DAB7BE400E7E7DF /* Build configuration list for PBXNativeTarget "UpcomingMoviesTests" */ = {
			isa = XCConfigurationList;
			buildConfigurations = (
				4B789AF51DAB7BE400E7E7DF /* Debug */,
				4B789AF61DAB7BE400E7E7DF /* Release */,
			);
			defaultConfigurationIsVisible = 0;
		};
/* End XCConfigurationList section */
	};
	rootObject = 4B40E6921DA3430300FA52B9 /* Project object */;
}
